
Microsoft Visual Studio Solution File, Format Version 12.00
# Visual Studio Version 16
VisualStudioVersion = 16.0.32413.511
MinimumVisualStudioVersion = 10.0.40219.1
Project("{FAE04EC0-301F-11D3-BF4B-00C04F79EFBC}") = "pjt_240225_input_list", "pjt_240225_input_list\pjt_240225_input_list.csproj", "{C0A7F86C-7F34-4E9A-A76F-2F4AEB2E04F6}"
EndProject
Global
	GlobalSection(SolutionConfigurationPlatforms) = preSolution
		Debug|Any CPU = Debug|Any CPU
		Release|Any CPU = Release|Any CPU
	EndGlobalSection
	GlobalSection(ProjectConfigurationPlatforms) = postSolution
		{C0A7F86C-7F34-4E9A-A76F-2F4AEB2E04F6}.Debug|Any CPU.ActiveCfg = Debug|Any CPU
		{C0A7F86C-7F34-4E9A-A76F-2F4AEB2E04F6}.Debug|Any CPU.Build.0 = Debug|Any CPU
		{C0A7F86C-7F34-4E9A-A76F-2F4AEB2E04F6}.Release|Any CPU.ActiveCfg = Release|Any CPU
		{C0A7F86C-7F34-4E9A-A76F-2F4AEB2E04F6}.Release|Any CPU.Build.0 = Release|Any CPU
	EndGlobalSection
	GlobalSection(SolutionProperties) = preSolution
		HideSolutionNode = FALSE
	EndGlobalSection
	GlobalSection(ExtensibilityGlobals) = postSolution
		SolutionGuid = {F3347A0D-0048-4013-BAD1-656C958C8267}
	EndGlobalSection
EndGlobal
