
Microsoft Visual Studio Solution File, Format Version 12.00
# Visual Studio Version 16
VisualStudioVersion = 16.0.32413.511
MinimumVisualStudioVersion = 10.0.40219.1
Project("{FAE04EC0-301F-11D3-BF4B-00C04F79EFBC}") = "pjt_240220_list_add", "pjt_240220_list_add\pjt_240220_list_add.csproj", "{A1EBAD5C-4354-40EE-9017-143F63DA2189}"
EndProject
Global
	GlobalSection(SolutionConfigurationPlatforms) = preSolution
		Debug|Any CPU = Debug|Any CPU
		Release|Any CPU = Release|Any CPU
	EndGlobalSection
	GlobalSection(ProjectConfigurationPlatforms) = postSolution
		{A1EBAD5C-4354-40EE-9017-143F63DA2189}.Debug|Any CPU.ActiveCfg = Debug|Any CPU
		{A1EBAD5C-4354-40EE-9017-143F63DA2189}.Debug|Any CPU.Build.0 = Debug|Any CPU
		{A1EBAD5C-4354-40EE-9017-143F63DA2189}.Release|Any CPU.ActiveCfg = Release|Any CPU
		{A1EBAD5C-4354-40EE-9017-143F63DA2189}.Release|Any CPU.Build.0 = Release|Any CPU
	EndGlobalSection
	GlobalSection(SolutionProperties) = preSolution
		HideSolutionNode = FALSE
	EndGlobalSection
	GlobalSection(ExtensibilityGlobals) = postSolution
		SolutionGuid = {EE1112CE-31E3-4511-B661-E22A6A836036}
	EndGlobalSection
EndGlobal
